# THIS IS AN AUTOGENERATED FILE. DO NOT EDIT THIS FILE DIRECTLY.
# yarn lockfile v1


source-map@^0.7.3:
  version "0.7.3"
  resolved "https://registry.npm.taobao.org/source-map/download/source-map-0.7.3.tgz#5302f8169031735226544092e64981f751750383"
  integrity sha1-UwL4FpAxc1ImVECS5kmB91F1A4M=

typescript@^4.1.3:
  version "4.1.3"
  resolved "https://registry.npm.taobao.org/typescript/download/typescript-4.1.3.tgz?cache=0&sync_timestamp=1608533672172&other_urls=https%3A%2F%2Fregistry.npm.taobao.org%2Ftypescript%2Fdownload%2Ftypescript-4.1.3.tgz#519d582bd94cba0cf8934c7d8e8467e473f53bb7"
  integrity sha1-UZ1YK9lMugz4k0x9joRn5HP1O7c=

vue-next@^0.0.1:
  version "0.0.1"
  resolved "https://registry.npm.taobao.org/vue-next/download/vue-next-0.0.1.tgz#32db132f3c0abf86e143b48ba3ad7de83438c08a"
  integrity sha1-MtsTLzwKv4bhQ7SLo6196DQ4wIo=
  dependencies:
    source-map "^0.7.3"
